
Microsoft Visual Studio Solution File, Format Version 12.00
# Visual Studio Version 17
VisualStudioVersion = 17.14.36121.58 d17.14
MinimumVisualStudioVersion = 10.0.40219.1
Project("{2150E333-8FDC-42A3-9474-1A3956D46DE8}") = "Libs", "Libs", "{48D99BAF-1AAD-4DAD-AA9E-C04AB6DED186}"
EndProject
Project("{FAE04EC0-301F-11D3-BF4B-00C04F79EFBC}") = "EventBus", "Libs\EventBus\EventBus.csproj", "{11D4113E-70D9-BD59-855C-CC4D4E0796BD}"
EndProject
Project("{FAE04EC0-301F-11D3-BF4B-00C04F79EFBC}") = "EventBus.ServiceBus", "Libs\EventBus.ServiceBus\EventBus.ServiceBus.csproj", "{CC1B8417-4E61-D50E-65C2-35B9E87C5D06}"
EndProject
Project("{2150E333-8FDC-42A3-9474-1A3956D46DE8}") = "Services", "Services", "{6573BFB7-AD36-44DC-9511-8AB2146DD7EF}"
EndProject
Project("{FAE04EC0-301F-11D3-BF4B-00C04F79EFBC}") = "EventContracts", "Libs\EventContracts\EventContracts.csproj", "{4C1D7C8B-BEAF-43B0-977F-8686133AE2C1}"
EndProject
Project("{FAE04EC0-301F-11D3-BF4B-00C04F79EFBC}") = "AppContracts", "Libs\AppContracts\AppContracts.csproj", "{EC4066F9-E991-47BD-BEC6-7B85ECF02790}"
EndProject
Project("{FAE04EC0-301F-11D3-BF4B-00C04F79EFBC}") = "DeliveryRequest.Api", "Services\DeliveryRequest\DeliveryRequest.Api\DeliveryRequest.Api.csproj", "{42C63636-2AF5-47C6-A73B-C125E7187AA6}"
EndProject
Project("{2150E333-8FDC-42A3-9474-1A3956D46DE8}") = "DeliveryRequest", "DeliveryRequest", "{15F32479-153C-449E-9663-6FB1D7D1CF6F}"
EndProject
Project("{2150E333-8FDC-42A3-9474-1A3956D46DE8}") = "UI", "UI", "{FE0E45D3-BD83-4C38-8397-21BFA5EA4FDB}"
EndProject
Project("{FAE04EC0-301F-11D3-BF4B-00C04F79EFBC}") = "DeliveryRequest.UI", "UI\DeliveryRequest.UI\DeliveryRequest.UI.csproj", "{735C1AFD-4AB8-4BF7-B0A6-8C3FA878BD95}"
EndProject
Project("{FAE04EC0-301F-11D3-BF4B-00C04F79EFBC}") = "Mediator", "Libs\Mediator\Mediator.csproj", "{8EF66DD2-D587-0E6A-5565-F29088262574}"
EndProject
Project("{FAE04EC0-301F-11D3-BF4B-00C04F79EFBC}") = "Core", "Libs\Core\Core.csproj", "{18425DCD-EBAC-CF83-A2D9-1FD07D97976C}"
EndProject
Project("{FAE04EC0-301F-11D3-BF4B-00C04F79EFBC}") = "DeliveryRequest.Application", "Services\DeliveryRequest\DeliveryRequest.Application\DeliveryRequest.Application.csproj", "{3FE1CC6E-A2AE-48C9-92E0-1E4CCAA053A6}"
EndProject
Project("{FAE04EC0-301F-11D3-BF4B-00C04F79EFBC}") = "DeliveryRequest.Infrastructure", "Services\DeliveryRequest\DeliveryRequest.Infrastructure\DeliveryRequest.Infrastructure.csproj", "{06CE4488-FB13-8269-8D7D-3C370966B3B0}"
EndProject
Project("{FAE04EC0-301F-11D3-BF4B-00C04F79EFBC}") = "Infrastructure", "Libs\Infrastructure\Infrastructure.csproj", "{CF88E914-A1C8-7C5A-C9D7-170A15890887}"
EndProject
Global
	GlobalSection(SolutionConfigurationPlatforms) = preSolution
		Debug|Any CPU = Debug|Any CPU
		Release|Any CPU = Release|Any CPU
	EndGlobalSection
	GlobalSection(ProjectConfigurationPlatforms) = postSolution
		{11D4113E-70D9-BD59-855C-CC4D4E0796BD}.Debug|Any CPU.ActiveCfg = Debug|Any CPU
		{11D4113E-70D9-BD59-855C-CC4D4E0796BD}.Debug|Any CPU.Build.0 = Debug|Any CPU
		{11D4113E-70D9-BD59-855C-CC4D4E0796BD}.Release|Any CPU.ActiveCfg = Release|Any CPU
		{11D4113E-70D9-BD59-855C-CC4D4E0796BD}.Release|Any CPU.Build.0 = Release|Any CPU
		{CC1B8417-4E61-D50E-65C2-35B9E87C5D06}.Debug|Any CPU.ActiveCfg = Debug|Any CPU
		{CC1B8417-4E61-D50E-65C2-35B9E87C5D06}.Debug|Any CPU.Build.0 = Debug|Any CPU
		{CC1B8417-4E61-D50E-65C2-35B9E87C5D06}.Release|Any CPU.ActiveCfg = Release|Any CPU
		{CC1B8417-4E61-D50E-65C2-35B9E87C5D06}.Release|Any CPU.Build.0 = Release|Any CPU
		{4C1D7C8B-BEAF-43B0-977F-8686133AE2C1}.Debug|Any CPU.ActiveCfg = Debug|Any CPU
		{4C1D7C8B-BEAF-43B0-977F-8686133AE2C1}.Debug|Any CPU.Build.0 = Debug|Any CPU
		{4C1D7C8B-BEAF-43B0-977F-8686133AE2C1}.Release|Any CPU.ActiveCfg = Release|Any CPU
		{4C1D7C8B-BEAF-43B0-977F-8686133AE2C1}.Release|Any CPU.Build.0 = Release|Any CPU
		{EC4066F9-E991-47BD-BEC6-7B85ECF02790}.Debug|Any CPU.ActiveCfg = Debug|Any CPU
		{EC4066F9-E991-47BD-BEC6-7B85ECF02790}.Debug|Any CPU.Build.0 = Debug|Any CPU
		{EC4066F9-E991-47BD-BEC6-7B85ECF02790}.Release|Any CPU.ActiveCfg = Release|Any CPU
		{EC4066F9-E991-47BD-BEC6-7B85ECF02790}.Release|Any CPU.Build.0 = Release|Any CPU
		{42C63636-2AF5-47C6-A73B-C125E7187AA6}.Debug|Any CPU.ActiveCfg = Debug|Any CPU
		{42C63636-2AF5-47C6-A73B-C125E7187AA6}.Debug|Any CPU.Build.0 = Debug|Any CPU
		{42C63636-2AF5-47C6-A73B-C125E7187AA6}.Release|Any CPU.ActiveCfg = Release|Any CPU
		{42C63636-2AF5-47C6-A73B-C125E7187AA6}.Release|Any CPU.Build.0 = Release|Any CPU
		{735C1AFD-4AB8-4BF7-B0A6-8C3FA878BD95}.Debug|Any CPU.ActiveCfg = Debug|Any CPU
		{735C1AFD-4AB8-4BF7-B0A6-8C3FA878BD95}.Debug|Any CPU.Build.0 = Debug|Any CPU
		{735C1AFD-4AB8-4BF7-B0A6-8C3FA878BD95}.Release|Any CPU.ActiveCfg = Release|Any CPU
		{735C1AFD-4AB8-4BF7-B0A6-8C3FA878BD95}.Release|Any CPU.Build.0 = Release|Any CPU
		{8EF66DD2-D587-0E6A-5565-F29088262574}.Debug|Any CPU.ActiveCfg = Debug|Any CPU
		{8EF66DD2-D587-0E6A-5565-F29088262574}.Debug|Any CPU.Build.0 = Debug|Any CPU
		{8EF66DD2-D587-0E6A-5565-F29088262574}.Release|Any CPU.ActiveCfg = Release|Any CPU
		{8EF66DD2-D587-0E6A-5565-F29088262574}.Release|Any CPU.Build.0 = Release|Any CPU
		{18425DCD-EBAC-CF83-A2D9-1FD07D97976C}.Debug|Any CPU.ActiveCfg = Debug|Any CPU
		{18425DCD-EBAC-CF83-A2D9-1FD07D97976C}.Debug|Any CPU.Build.0 = Debug|Any CPU
		{18425DCD-EBAC-CF83-A2D9-1FD07D97976C}.Release|Any CPU.ActiveCfg = Release|Any CPU
		{18425DCD-EBAC-CF83-A2D9-1FD07D97976C}.Release|Any CPU.Build.0 = Release|Any CPU
		{3FE1CC6E-A2AE-48C9-92E0-1E4CCAA053A6}.Debug|Any CPU.ActiveCfg = Debug|Any CPU
		{3FE1CC6E-A2AE-48C9-92E0-1E4CCAA053A6}.Debug|Any CPU.Build.0 = Debug|Any CPU
		{3FE1CC6E-A2AE-48C9-92E0-1E4CCAA053A6}.Release|Any CPU.ActiveCfg = Release|Any CPU
		{3FE1CC6E-A2AE-48C9-92E0-1E4CCAA053A6}.Release|Any CPU.Build.0 = Release|Any CPU
		{06CE4488-FB13-8269-8D7D-3C370966B3B0}.Debug|Any CPU.ActiveCfg = Debug|Any CPU
		{06CE4488-FB13-8269-8D7D-3C370966B3B0}.Debug|Any CPU.Build.0 = Debug|Any CPU
		{06CE4488-FB13-8269-8D7D-3C370966B3B0}.Release|Any CPU.ActiveCfg = Release|Any CPU
		{06CE4488-FB13-8269-8D7D-3C370966B3B0}.Release|Any CPU.Build.0 = Release|Any CPU
		{CF88E914-A1C8-7C5A-C9D7-170A15890887}.Debug|Any CPU.ActiveCfg = Debug|Any CPU
		{CF88E914-A1C8-7C5A-C9D7-170A15890887}.Debug|Any CPU.Build.0 = Debug|Any CPU
		{CF88E914-A1C8-7C5A-C9D7-170A15890887}.Release|Any CPU.ActiveCfg = Release|Any CPU
		{CF88E914-A1C8-7C5A-C9D7-170A15890887}.Release|Any CPU.Build.0 = Release|Any CPU
	EndGlobalSection
	GlobalSection(SolutionProperties) = preSolution
		HideSolutionNode = FALSE
	EndGlobalSection
	GlobalSection(NestedProjects) = preSolution
		{11D4113E-70D9-BD59-855C-CC4D4E0796BD} = {48D99BAF-1AAD-4DAD-AA9E-C04AB6DED186}
		{CC1B8417-4E61-D50E-65C2-35B9E87C5D06} = {48D99BAF-1AAD-4DAD-AA9E-C04AB6DED186}
		{4C1D7C8B-BEAF-43B0-977F-8686133AE2C1} = {48D99BAF-1AAD-4DAD-AA9E-C04AB6DED186}
		{EC4066F9-E991-47BD-BEC6-7B85ECF02790} = {48D99BAF-1AAD-4DAD-AA9E-C04AB6DED186}
		{42C63636-2AF5-47C6-A73B-C125E7187AA6} = {15F32479-153C-449E-9663-6FB1D7D1CF6F}
		{15F32479-153C-449E-9663-6FB1D7D1CF6F} = {6573BFB7-AD36-44DC-9511-8AB2146DD7EF}
		{735C1AFD-4AB8-4BF7-B0A6-8C3FA878BD95} = {FE0E45D3-BD83-4C38-8397-21BFA5EA4FDB}
		{8EF66DD2-D587-0E6A-5565-F29088262574} = {48D99BAF-1AAD-4DAD-AA9E-C04AB6DED186}
		{18425DCD-EBAC-CF83-A2D9-1FD07D97976C} = {48D99BAF-1AAD-4DAD-AA9E-C04AB6DED186}
		{3FE1CC6E-A2AE-48C9-92E0-1E4CCAA053A6} = {15F32479-153C-449E-9663-6FB1D7D1CF6F}
		{06CE4488-FB13-8269-8D7D-3C370966B3B0} = {15F32479-153C-449E-9663-6FB1D7D1CF6F}
		{CF88E914-A1C8-7C5A-C9D7-170A15890887} = {48D99BAF-1AAD-4DAD-AA9E-C04AB6DED186}
	EndGlobalSection
	GlobalSection(ExtensibilityGlobals) = postSolution
		SolutionGuid = {2DF52A0E-DA0B-4481-BE9C-A5F1F8CA9804}
	EndGlobalSection
EndGlobal
